
Microsoft Visual Studio Solution File, Format Version 12.00
# Visual Studio Version 17
VisualStudioVersion = 17.9.34902.65
MinimumVisualStudioVersion = 10.0.40219.1
Project("{FAE04EC0-301F-11D3-BF4B-00C04F79EFBC}") = "Ista.Consola", "Ista.Consola\Ista.Consola.csproj", "{C5041979-421C-40A1-850D-F40819715D06}"
EndProject
Global
	GlobalSection(SolutionConfigurationPlatforms) = preSolution
		Debug|Any CPU = Debug|Any CPU
		Release|Any CPU = Release|Any CPU
	EndGlobalSection
	GlobalSection(ProjectConfigurationPlatforms) = postSolution
		{C5041979-421C-40A1-850D-F40819715D06}.Debug|Any CPU.ActiveCfg = Debug|Any CPU
		{C5041979-421C-40A1-850D-F40819715D06}.Debug|Any CPU.Build.0 = Debug|Any CPU
		{C5041979-421C-40A1-850D-F40819715D06}.Release|Any CPU.ActiveCfg = Release|Any CPU
		{C5041979-421C-40A1-850D-F40819715D06}.Release|Any CPU.Build.0 = Release|Any CPU
	EndGlobalSection
	GlobalSection(SolutionProperties) = preSolution
		HideSolutionNode = FALSE
	EndGlobalSection
	GlobalSection(ExtensibilityGlobals) = postSolution
		SolutionGuid = {703C6914-4A1C-4953-9084-2F04D2503B73}
	EndGlobalSection
EndGlobal
